
Microsoft Visual Studio Solution File, Format Version 12.00
# Visual Studio 15
VisualStudioVersion = 15.0.27130.2024
MinimumVisualStudioVersion = 10.0.40219.1
Project("{FAE04EC0-301F-11D3-BF4B-00C04F79EFBC}") = "LOMCoreShared", "LOMCoreShared\LOMCoreShared.csproj", "{0C793CE3-D512-41F0-9779-5383FC29ECC3}"
EndProject
Project("{FAE04EC0-301F-11D3-BF4B-00C04F79EFBC}") = "LOMCoreServer", "LOMCoreServer\LOMCoreServer.csproj", "{DD2AC840-56CB-414C-9F91-065287D9D3C4}"
EndProject
Project("{FAE04EC0-301F-11D3-BF4B-00C04F79EFBC}") = "LOMCoreClient", "LOMCoreClient\LOMCoreClient.csproj", "{4D853FBD-D7C0-48EB-A68B-21D7D9590888}"
EndProject
Global
	GlobalSection(SolutionConfigurationPlatforms) = preSolution
		Debug|Any CPU = Debug|Any CPU
		Release|Any CPU = Release|Any CPU
	EndGlobalSection
	GlobalSection(ProjectConfigurationPlatforms) = postSolution
		{0C793CE3-D512-41F0-9779-5383FC29ECC3}.Debug|Any CPU.ActiveCfg = Debug|Any CPU
		{0C793CE3-D512-41F0-9779-5383FC29ECC3}.Debug|Any CPU.Build.0 = Debug|Any CPU
		{0C793CE3-D512-41F0-9779-5383FC29ECC3}.Release|Any CPU.ActiveCfg = Release|Any CPU
		{0C793CE3-D512-41F0-9779-5383FC29ECC3}.Release|Any CPU.Build.0 = Release|Any CPU
		{DD2AC840-56CB-414C-9F91-065287D9D3C4}.Debug|Any CPU.ActiveCfg = Debug|Any CPU
		{DD2AC840-56CB-414C-9F91-065287D9D3C4}.Debug|Any CPU.Build.0 = Debug|Any CPU
		{DD2AC840-56CB-414C-9F91-065287D9D3C4}.Release|Any CPU.ActiveCfg = Release|Any CPU
		{DD2AC840-56CB-414C-9F91-065287D9D3C4}.Release|Any CPU.Build.0 = Release|Any CPU
		{4D853FBD-D7C0-48EB-A68B-21D7D9590888}.Debug|Any CPU.ActiveCfg = Debug|Any CPU
		{4D853FBD-D7C0-48EB-A68B-21D7D9590888}.Debug|Any CPU.Build.0 = Debug|Any CPU
		{4D853FBD-D7C0-48EB-A68B-21D7D9590888}.Release|Any CPU.ActiveCfg = Release|Any CPU
		{4D853FBD-D7C0-48EB-A68B-21D7D9590888}.Release|Any CPU.Build.0 = Release|Any CPU
	EndGlobalSection
	GlobalSection(SolutionProperties) = preSolution
		HideSolutionNode = FALSE
	EndGlobalSection
	GlobalSection(ExtensibilityGlobals) = postSolution
		SolutionGuid = {53EE11C2-0AD2-44DB-8ADF-34AC5293CD8C}
	EndGlobalSection
EndGlobal
